
Microsoft Visual Studio Solution File, Format Version 12.00
# Visual Studio Version 16
VisualStudioVersion = 16.0.30011.22
MinimumVisualStudioVersion = 10.0.40219.1
Project("{FAE04EC0-301F-11D3-BF4B-00C04F79EFBC}") = "INFO-3138 Project 2 - Renewable Energy", "INFO-3138 Project 2 - Renewable Energy\INFO-3138 Project 2 - Renewable Energy.csproj", "{9425BA0E-12AC-4FDE-9F76-5B3DEA338438}"
EndProject
Global
	GlobalSection(SolutionConfigurationPlatforms) = preSolution
		Debug|Any CPU = Debug|Any CPU
		Release|Any CPU = Release|Any CPU
	EndGlobalSection
	GlobalSection(ProjectConfigurationPlatforms) = postSolution
		{9425BA0E-12AC-4FDE-9F76-5B3DEA338438}.Debug|Any CPU.ActiveCfg = Debug|Any CPU
		{9425BA0E-12AC-4FDE-9F76-5B3DEA338438}.Debug|Any CPU.Build.0 = Debug|Any CPU
		{9425BA0E-12AC-4FDE-9F76-5B3DEA338438}.Release|Any CPU.ActiveCfg = Release|Any CPU
		{9425BA0E-12AC-4FDE-9F76-5B3DEA338438}.Release|Any CPU.Build.0 = Release|Any CPU
	EndGlobalSection
	GlobalSection(SolutionProperties) = preSolution
		HideSolutionNode = FALSE
	EndGlobalSection
	GlobalSection(ExtensibilityGlobals) = postSolution
		SolutionGuid = {982AA788-6B7C-4072-9B8E-83B32AC6F1AC}
	EndGlobalSection
EndGlobal
